
Microsoft Visual Studio Solution File, Format Version 12.00
# Visual Studio Version 16
VisualStudioVersion = 16.0.30611.23
MinimumVisualStudioVersion = 10.0.40219.1
Project("{9A19103F-16F7-4668-BE54-9A1E7A4F7556}") = "Merchant.BL", "Merchant.BL\Merchant.BL.csproj", "{97114229-812A-4536-B37D-2C0341667DF0}"
EndProject
Project("{9A19103F-16F7-4668-BE54-9A1E7A4F7556}") = "ConsoleClient", "ConsoleClient\ConsoleClient.csproj", "{E86CA6DB-CFA7-43BB-865E-229BFA775508}"
EndProject
Project("{9A19103F-16F7-4668-BE54-9A1E7A4F7556}") = "AspWebClient", "AspWebClient\AspWebClient.csproj", "{C1C1D42B-FB13-4DCC-8055-87CE24F2DAB2}"
EndProject
Project("{2150E333-8FDC-42A3-9474-1A3956D46DE8}") = "Test", "Test", "{F43C613E-E76D-4B6E-A0F5-1B20BECAFF6F}"
EndProject
Project("{9A19103F-16F7-4668-BE54-9A1E7A4F7556}") = "Merchant.BL_uTest", "Merchant.BL_uTest\Merchant.BL_uTest.csproj", "{1B5B79F3-BDB9-4251-976B-662FDE56BE0A}"
EndProject
Global
	GlobalSection(SolutionConfigurationPlatforms) = preSolution
		Debug|Any CPU = Debug|Any CPU
		Release|Any CPU = Release|Any CPU
	EndGlobalSection
	GlobalSection(ProjectConfigurationPlatforms) = postSolution
		{97114229-812A-4536-B37D-2C0341667DF0}.Debug|Any CPU.ActiveCfg = Debug|Any CPU
		{97114229-812A-4536-B37D-2C0341667DF0}.Debug|Any CPU.Build.0 = Debug|Any CPU
		{97114229-812A-4536-B37D-2C0341667DF0}.Release|Any CPU.ActiveCfg = Release|Any CPU
		{97114229-812A-4536-B37D-2C0341667DF0}.Release|Any CPU.Build.0 = Release|Any CPU
		{E86CA6DB-CFA7-43BB-865E-229BFA775508}.Debug|Any CPU.ActiveCfg = Debug|Any CPU
		{E86CA6DB-CFA7-43BB-865E-229BFA775508}.Debug|Any CPU.Build.0 = Debug|Any CPU
		{E86CA6DB-CFA7-43BB-865E-229BFA775508}.Release|Any CPU.ActiveCfg = Release|Any CPU
		{E86CA6DB-CFA7-43BB-865E-229BFA775508}.Release|Any CPU.Build.0 = Release|Any CPU
		{C1C1D42B-FB13-4DCC-8055-87CE24F2DAB2}.Debug|Any CPU.ActiveCfg = Debug|Any CPU
		{C1C1D42B-FB13-4DCC-8055-87CE24F2DAB2}.Debug|Any CPU.Build.0 = Debug|Any CPU
		{C1C1D42B-FB13-4DCC-8055-87CE24F2DAB2}.Release|Any CPU.ActiveCfg = Release|Any CPU
		{C1C1D42B-FB13-4DCC-8055-87CE24F2DAB2}.Release|Any CPU.Build.0 = Release|Any CPU
		{1B5B79F3-BDB9-4251-976B-662FDE56BE0A}.Debug|Any CPU.ActiveCfg = Debug|Any CPU
		{1B5B79F3-BDB9-4251-976B-662FDE56BE0A}.Debug|Any CPU.Build.0 = Debug|Any CPU
		{1B5B79F3-BDB9-4251-976B-662FDE56BE0A}.Release|Any CPU.ActiveCfg = Release|Any CPU
		{1B5B79F3-BDB9-4251-976B-662FDE56BE0A}.Release|Any CPU.Build.0 = Release|Any CPU
	EndGlobalSection
	GlobalSection(SolutionProperties) = preSolution
		HideSolutionNode = FALSE
	EndGlobalSection
	GlobalSection(NestedProjects) = preSolution
		{1B5B79F3-BDB9-4251-976B-662FDE56BE0A} = {F43C613E-E76D-4B6E-A0F5-1B20BECAFF6F}
	EndGlobalSection
	GlobalSection(ExtensibilityGlobals) = postSolution
		SolutionGuid = {D8BB8CC5-7A3C-4711-96DF-FDF426D2B798}
	EndGlobalSection
EndGlobal
